// !$*UTF8*$!
{
	archiveVersion = 1;
	classes = {
	};
	objectVersion = 51;
	objects = {

/* Begin PBXBuildFile section */
		75BC7D3924E57D960054D3DC /* Gray.fsh in Resources */ = {isa = PBXBuildFile; fileRef = 75BC7D3824E57D960054D3DC /* Gray.fsh */; };
		75BC7D3B24E57DA00054D3DC /* Gray.vsh in Resources */ = {isa = PBXBuildFile; fileRef = 75BC7D3A24E57DA00054D3DC /* Gray.vsh */; };
		75BC7D3E24E57FA30054D3DC /* Reversal.fsh in Resources */ = {isa = PBXBuildFile; fileRef = 75BC7D3D24E57FA30054D3DC /* Reversal.fsh */; };
		75BC7D4024E57FAE0054D3DC /* Reversal.vsh in Resources */ = {isa = PBXBuildFile; fileRef = 75BC7D3F24E57FAE0054D3DC /* Reversal.vsh */; };
		75BC7D4624E580AF0054D3DC /* TriangleMosaic.vsh in Resources */ = {isa = PBXBuildFile; fileRef = 75BC7D4524E580AF0054D3DC /* TriangleMosaic.vsh */; };
		75BC7D4824E580BD0054D3DC /* TriangleMosaic.fsh in Resources */ = {isa = PBXBuildFile; fileRef = 75BC7D4724E580BD0054D3DC /* TriangleMosaic.fsh */; };
		75BC7D4A24E580DA0054D3DC /* HexagonMosaic.vsh in Resources */ = {isa = PBXBuildFile; fileRef = 75BC7D4924E580DA0054D3DC /* HexagonMosaic.vsh */; };
		75BC7D4C24E580E20054D3DC /* HexagonMosaic.fsh in Resources */ = {isa = PBXBuildFile; fileRef = 75BC7D4B24E580E20054D3DC /* HexagonMosaic.fsh */; };
		75BC7D4E24E581180054D3DC /* SquareMosaic.vsh in Resources */ = {isa = PBXBuildFile; fileRef = 75BC7D4D24E581180054D3DC /* SquareMosaic.vsh */; };
		75BC7D5024E581210054D3DC /* SquareMosaic.fsh in Resources */ = {isa = PBXBuildFile; fileRef = 75BC7D4F24E581210054D3DC /* SquareMosaic.fsh */; };
		79F7719624E22C5B00A0839D /* AppDelegate.m in Sources */ = {isa = PBXBuildFile; fileRef = 79F7719524E22C5B00A0839D /* AppDelegate.m */; };
		79F7719924E22C5B00A0839D /* SceneDelegate.m in Sources */ = {isa = PBXBuildFile; fileRef = 79F7719824E22C5B00A0839D /* SceneDelegate.m */; };
		79F7719C24E22C5B00A0839D /* ViewController.m in Sources */ = {isa = PBXBuildFile; fileRef = 79F7719B24E22C5B00A0839D /* ViewController.m */; };
		79F7719F24E22C5B00A0839D /* Main.storyboard in Resources */ = {isa = PBXBuildFile; fileRef = 79F7719D24E22C5B00A0839D /* Main.storyboard */; };
		79F771A124E22C6000A0839D /* Assets.xcassets in Resources */ = {isa = PBXBuildFile; fileRef = 79F771A024E22C6000A0839D /* Assets.xcassets */; };
		79F771A424E22C6000A0839D /* LaunchScreen.storyboard in Resources */ = {isa = PBXBuildFile; fileRef = 79F771A224E22C6000A0839D /* LaunchScreen.storyboard */; };
		79F771A724E22C6000A0839D /* main.m in Sources */ = {isa = PBXBuildFile; fileRef = 79F771A624E22C6000A0839D /* main.m */; };
		79F771C024E2331900A0839D /* SplitScreen_6.fsh in Resources */ = {isa = PBXBuildFile; fileRef = 79F771AF24E2331900A0839D /* SplitScreen_6.fsh */; };
		79F771C124E2331900A0839D /* SplitScreen_6.vsh in Resources */ = {isa = PBXBuildFile; fileRef = 79F771B024E2331900A0839D /* SplitScreen_6.vsh */; };
		79F771C224E2331900A0839D /* SplitScreen_9.vsh in Resources */ = {isa = PBXBuildFile; fileRef = 79F771B224E2331900A0839D /* SplitScreen_9.vsh */; };
		79F771C324E2331900A0839D /* SplitScreen_9.fsh in Resources */ = {isa = PBXBuildFile; fileRef = 79F771B324E2331900A0839D /* SplitScreen_9.fsh */; };
		79F771C424E2331900A0839D /* SplitScreen_2.fsh in Resources */ = {isa = PBXBuildFile; fileRef = 79F771B524E2331900A0839D /* SplitScreen_2.fsh */; };
		79F771C524E2331900A0839D /* SplitScreen_2.vsh in Resources */ = {isa = PBXBuildFile; fileRef = 79F771B624E2331900A0839D /* SplitScreen_2.vsh */; };
		79F771C624E2331900A0839D /* Normal.fsh in Resources */ = {isa = PBXBuildFile; fileRef = 79F771B824E2331900A0839D /* Normal.fsh */; };
		79F771C724E2331900A0839D /* Normal.vsh in Resources */ = {isa = PBXBuildFile; fileRef = 79F771B924E2331900A0839D /* Normal.vsh */; };
		79F771C824E2331900A0839D /* SplitScreen_4.fsh in Resources */ = {isa = PBXBuildFile; fileRef = 79F771BB24E2331900A0839D /* SplitScreen_4.fsh */; };
		79F771C924E2331900A0839D /* SplitScreen_4.vsh in Resources */ = {isa = PBXBuildFile; fileRef = 79F771BC24E2331900A0839D /* SplitScreen_4.vsh */; };
		79F771CA24E2331900A0839D /* SplitScreen_3.fsh in Resources */ = {isa = PBXBuildFile; fileRef = 79F771BE24E2331900A0839D /* SplitScreen_3.fsh */; };
		79F771CB24E2331900A0839D /* SplitScreen_3.vsh in Resources */ = {isa = PBXBuildFile; fileRef = 79F771BF24E2331900A0839D /* SplitScreen_3.vsh */; };
		79F771E324E2399300A0839D /* FilterBarCell.m in Sources */ = {isa = PBXBuildFile; fileRef = 79F771DC24E2399300A0839D /* FilterBarCell.m */; };
		79F771E424E2399300A0839D /* FilterBar.m in Sources */ = {isa = PBXBuildFile; fileRef = 79F771DD24E2399300A0839D /* FilterBar.m */; };
		79F771E524E2399300A0839D /* ShaderTool.m in Sources */ = {isa = PBXBuildFile; fileRef = 79F771E224E2399300A0839D /* ShaderTool.m */; };
		79F771E824E23C6800A0839D /* FilterViewController.m in Sources */ = {isa = PBXBuildFile; fileRef = 79F771E724E23C6800A0839D /* FilterViewController.m */; };
		941055C1271139A50AEC6176 /* Pods_OpenGL_ES_Filter.framework in Frameworks */ = {isa = PBXBuildFile; fileRef = 68EE391B8ED3D8C9D9A070C4 /* Pods_OpenGL_ES_Filter.framework */; };
/* End PBXBuildFile section */

/* Begin PBXFileReference section */
		68EE391B8ED3D8C9D9A070C4 /* Pods_OpenGL_ES_Filter.framework */ = {isa = PBXFileReference; explicitFileType = wrapper.framework; includeInIndex = 0; path = Pods_OpenGL_ES_Filter.framework; sourceTree = BUILT_PRODUCTS_DIR; };
		75BC7D3824E57D960054D3DC /* Gray.fsh */ = {isa = PBXFileReference; lastKnownFileType = sourcecode.glsl; path = Gray.fsh; sourceTree = "<group>"; };
		75BC7D3A24E57DA00054D3DC /* Gray.vsh */ = {isa = PBXFileReference; lastKnownFileType = sourcecode.glsl; path = Gray.vsh; sourceTree = "<group>"; };
		75BC7D3D24E57FA30054D3DC /* Reversal.fsh */ = {isa = PBXFileReference; lastKnownFileType = sourcecode.glsl; path = Reversal.fsh; sourceTree = "<group>"; };
		75BC7D3F24E57FAE0054D3DC /* Reversal.vsh */ = {isa = PBXFileReference; lastKnownFileType = sourcecode.glsl; path = Reversal.vsh; sourceTree = "<group>"; };
		75BC7D4524E580AF0054D3DC /* TriangleMosaic.vsh */ = {isa = PBXFileReference; lastKnownFileType = sourcecode.glsl; path = TriangleMosaic.vsh; sourceTree = "<group>"; };
		75BC7D4724E580BD0054D3DC /* TriangleMosaic.fsh */ = {isa = PBXFileReference; lastKnownFileType = sourcecode.glsl; path = TriangleMosaic.fsh; sourceTree = "<group>"; };
		75BC7D4924E580DA0054D3DC /* HexagonMosaic.vsh */ = {isa = PBXFileReference; lastKnownFileType = sourcecode.glsl; path = HexagonMosaic.vsh; sourceTree = "<group>"; };
		75BC7D4B24E580E20054D3DC /* HexagonMosaic.fsh */ = {isa = PBXFileReference; lastKnownFileType = sourcecode.glsl; path = HexagonMosaic.fsh; sourceTree = "<group>"; };
		75BC7D4D24E581180054D3DC /* SquareMosaic.vsh */ = {isa = PBXFileReference; lastKnownFileType = sourcecode.glsl; path = SquareMosaic.vsh; sourceTree = "<group>"; };
		75BC7D4F24E581210054D3DC /* SquareMosaic.fsh */ = {isa = PBXFileReference; lastKnownFileType = sourcecode.glsl; path = SquareMosaic.fsh; sourceTree = "<group>"; };
		79F7719124E22C5B00A0839D /* OpenGL_ES_Filter.app */ = {isa = PBXFileReference; explicitFileType = wrapper.application; includeInIndex = 0; path = OpenGL_ES_Filter.app; sourceTree = BUILT_PRODUCTS_DIR; };
		79F7719424E22C5B00A0839D /* AppDelegate.h */ = {isa = PBXFileReference; lastKnownFileType = sourcecode.c.h; path = AppDelegate.h; sourceTree = "<group>"; };
		79F7719524E22C5B00A0839D /* AppDelegate.m */ = {isa = PBXFileReference; lastKnownFileType = sourcecode.c.objc; path = AppDelegate.m; sourceTree = "<group>"; };
		79F7719724E22C5B00A0839D /* SceneDelegate.h */ = {isa = PBXFileReference; lastKnownFileType = sourcecode.c.h; path = SceneDelegate.h; sourceTree = "<group>"; };
		79F7719824E22C5B00A0839D /* SceneDelegate.m */ = {isa = PBXFileReference; lastKnownFileType = sourcecode.c.objc; path = SceneDelegate.m; sourceTree = "<group>"; };
		79F7719A24E22C5B00A0839D /* ViewController.h */ = {isa = PBXFileReference; lastKnownFileType = sourcecode.c.h; path = ViewController.h; sourceTree = "<group>"; };
		79F7719B24E22C5B00A0839D /* ViewController.m */ = {isa = PBXFileReference; lastKnownFileType = sourcecode.c.objc; path = ViewController.m; sourceTree = "<group>"; };
		79F7719E24E22C5B00A0839D /* Base */ = {isa = PBXFileReference; lastKnownFileType = file.storyboard; name = Base; path = Base.lproj/Main.storyboard; sourceTree = "<group>"; };
		79F771A024E22C6000A0839D /* Assets.xcassets */ = {isa = PBXFileReference; lastKnownFileType = folder.assetcatalog; path = Assets.xcassets; sourceTree = "<group>"; };
		79F771A324E22C6000A0839D /* Base */ = {isa = PBXFileReference; lastKnownFileType = file.storyboard; name = Base; path = Base.lproj/LaunchScreen.storyboard; sourceTree = "<group>"; };
		79F771A524E22C6000A0839D /* Info.plist */ = {isa = PBXFileReference; lastKnownFileType = text.plist.xml; path = Info.plist; sourceTree = "<group>"; };
		79F771A624E22C6000A0839D /* main.m */ = {isa = PBXFileReference; lastKnownFileType = sourcecode.c.objc; path = main.m; sourceTree = "<group>"; };
		79F771AF24E2331900A0839D /* SplitScreen_6.fsh */ = {isa = PBXFileReference; fileEncoding = 4; lastKnownFileType = sourcecode.glsl; path = SplitScreen_6.fsh; sourceTree = "<group>"; };
		79F771B024E2331900A0839D /* SplitScreen_6.vsh */ = {isa = PBXFileReference; fileEncoding = 4; lastKnownFileType = sourcecode.glsl; path = SplitScreen_6.vsh; sourceTree = "<group>"; };
		79F771B224E2331900A0839D /* SplitScreen_9.vsh */ = {isa = PBXFileReference; fileEncoding = 4; lastKnownFileType = sourcecode.glsl; path = SplitScreen_9.vsh; sourceTree = "<group>"; };
		79F771B324E2331900A0839D /* SplitScreen_9.fsh */ = {isa = PBXFileReference; fileEncoding = 4; lastKnownFileType = sourcecode.glsl; path = SplitScreen_9.fsh; sourceTree = "<group>"; };
		79F771B524E2331900A0839D /* SplitScreen_2.fsh */ = {isa = PBXFileReference; fileEncoding = 4; lastKnownFileType = sourcecode.glsl; path = SplitScreen_2.fsh; sourceTree = "<group>"; };
		79F771B624E2331900A0839D /* SplitScreen_2.vsh */ = {isa = PBXFileReference; fileEncoding = 4; lastKnownFileType = sourcecode.glsl; path = SplitScreen_2.vsh; sourceTree = "<group>"; };
		79F771B824E2331900A0839D /* Normal.fsh */ = {isa = PBXFileReference; fileEncoding = 4; lastKnownFileType = sourcecode.glsl; path = Normal.fsh; sourceTree = "<group>"; };
		79F771B924E2331900A0839D /* Normal.vsh */ = {isa = PBXFileReference; fileEncoding = 4; lastKnownFileType = sourcecode.glsl; path = Normal.vsh; sourceTree = "<group>"; };
		79F771BB24E2331900A0839D /* SplitScreen_4.fsh */ = {isa = PBXFileReference; fileEncoding = 4; lastKnownFileType = sourcecode.glsl; path = SplitScreen_4.fsh; sourceTree = "<group>"; };
		79F771BC24E2331900A0839D /* SplitScreen_4.vsh */ = {isa = PBXFileReference; fileEncoding = 4; lastKnownFileType = sourcecode.glsl; path = SplitScreen_4.vsh; sourceTree = "<group>"; };
		79F771BE24E2331900A0839D /* SplitScreen_3.fsh */ = {isa = PBXFileReference; fileEncoding = 4; lastKnownFileType = sourcecode.glsl; path = SplitScreen_3.fsh; sourceTree = "<group>"; };
		79F771BF24E2331900A0839D /* SplitScreen_3.vsh */ = {isa = PBXFileReference; fileEncoding = 4; lastKnownFileType = sourcecode.glsl; path = SplitScreen_3.vsh; sourceTree = "<group>"; };
		79F771DC24E2399300A0839D /* FilterBarCell.m */ = {isa = PBXFileReference; fileEncoding = 4; lastKnownFileType = sourcecode.c.objc; path = FilterBarCell.m; sourceTree = "<group>"; };
		79F771DD24E2399300A0839D /* FilterBar.m */ = {isa = PBXFileReference; fileEncoding = 4; lastKnownFileType = sourcecode.c.objc; path = FilterBar.m; sourceTree = "<group>"; };
		79F771DE24E2399300A0839D /* FilterBarCell.h */ = {isa = PBXFileReference; fileEncoding = 4; lastKnownFileType = sourcecode.c.h; path = FilterBarCell.h; sourceTree = "<group>"; };
		79F771DF24E2399300A0839D /* FilterBar.h */ = {isa = PBXFileReference; fileEncoding = 4; lastKnownFileType = sourcecode.c.h; path = FilterBar.h; sourceTree = "<group>"; };
		79F771E124E2399300A0839D /* ShaderTool.h */ = {isa = PBXFileReference; fileEncoding = 4; lastKnownFileType = sourcecode.c.h; path = ShaderTool.h; sourceTree = "<group>"; };
		79F771E224E2399300A0839D /* ShaderTool.m */ = {isa = PBXFileReference; fileEncoding = 4; lastKnownFileType = sourcecode.c.objc; path = ShaderTool.m; sourceTree = "<group>"; };
		79F771E624E23C6800A0839D /* FilterViewController.h */ = {isa = PBXFileReference; lastKnownFileType = sourcecode.c.h; path = FilterViewController.h; sourceTree = "<group>"; };
		79F771E724E23C6800A0839D /* FilterViewController.m */ = {isa = PBXFileReference; lastKnownFileType = sourcecode.c.objc; path = FilterViewController.m; sourceTree = "<group>"; };
		B225046D727E00EB3F03E506 /* Pods-OpenGL_ES_Filter.release.xcconfig */ = {isa = PBXFileReference; includeInIndex = 1; lastKnownFileType = text.xcconfig; name = "Pods-OpenGL_ES_Filter.release.xcconfig"; path = "Target Support Files/Pods-OpenGL_ES_Filter/Pods-OpenGL_ES_Filter.release.xcconfig"; sourceTree = "<group>"; };
		FAC6A533159A72355A9337CD /* Pods-OpenGL_ES_Filter.debug.xcconfig */ = {isa = PBXFileReference; includeInIndex = 1; lastKnownFileType = text.xcconfig; name = "Pods-OpenGL_ES_Filter.debug.xcconfig"; path = "Target Support Files/Pods-OpenGL_ES_Filter/Pods-OpenGL_ES_Filter.debug.xcconfig"; sourceTree = "<group>"; };
/* End PBXFileReference section */

/* Begin PBXFrameworksBuildPhase section */
		79F7718E24E22C5B00A0839D /* Frameworks */ = {
			isa = PBXFrameworksBuildPhase;
			buildActionMask = 2147483647;
			files = (
				941055C1271139A50AEC6176 /* Pods_OpenGL_ES_Filter.framework in Frameworks */,
			);
			runOnlyForDeploymentPostprocessing = 0;
		};
/* End PBXFrameworksBuildPhase section */

/* Begin PBXGroup section */
		75BC7D3724E57D860054D3DC /* Gray */ = {
			isa = PBXGroup;
			children = (
				75BC7D3824E57D960054D3DC /* Gray.fsh */,
				75BC7D3A24E57DA00054D3DC /* Gray.vsh */,
			);
			path = Gray;
			sourceTree = "<group>";
		};
		75BC7D3C24E57F6F0054D3DC /* Reversal */ = {
			isa = PBXGroup;
			children = (
				75BC7D3D24E57FA30054D3DC /* Reversal.fsh */,
				75BC7D3F24E57FAE0054D3DC /* Reversal.vsh */,
			);
			path = Reversal;
			sourceTree = "<group>";
		};
		75BC7D4124E57FF30054D3DC /* Masaic */ = {
			isa = PBXGroup;
			children = (
				75BC7D4424E580860054D3DC /* TriangleMosaic */,
				75BC7D4324E5803E0054D3DC /* HexagonMosaic */,
				75BC7D4224E580080054D3DC /* SquareMosaic */,
			);
			path = Masaic;
			sourceTree = "<group>";
		};
		75BC7D4224E580080054D3DC /* SquareMosaic */ = {
			isa = PBXGroup;
			children = (
				75BC7D4D24E581180054D3DC /* SquareMosaic.vsh */,
				75BC7D4F24E581210054D3DC /* SquareMosaic.fsh */,
			);
			path = SquareMosaic;
			sourceTree = "<group>";
		};
		75BC7D4324E5803E0054D3DC /* HexagonMosaic */ = {
			isa = PBXGroup;
			children = (
				75BC7D4924E580DA0054D3DC /* HexagonMosaic.vsh */,
				75BC7D4B24E580E20054D3DC /* HexagonMosaic.fsh */,
			);
			path = HexagonMosaic;
			sourceTree = "<group>";
		};
		75BC7D4424E580860054D3DC /* TriangleMosaic */ = {
			isa = PBXGroup;
			children = (
				75BC7D4524E580AF0054D3DC /* TriangleMosaic.vsh */,
				75BC7D4724E580BD0054D3DC /* TriangleMosaic.fsh */,
			);
			path = TriangleMosaic;
			sourceTree = "<group>";
		};
		7808AF52A119C7958EDB12D3 /* Pods */ = {
			isa = PBXGroup;
			children = (
				FAC6A533159A72355A9337CD /* Pods-OpenGL_ES_Filter.debug.xcconfig */,
				B225046D727E00EB3F03E506 /* Pods-OpenGL_ES_Filter.release.xcconfig */,
			);
			path = Pods;
			sourceTree = "<group>";
		};
		79F7718824E22C5B00A0839D = {
			isa = PBXGroup;
			children = (
				79F7719324E22C5B00A0839D /* OpenGL_ES_Filter */,
				79F7719224E22C5B00A0839D /* Products */,
				7808AF52A119C7958EDB12D3 /* Pods */,
				B234FFC5234DF0A06DCC4C49 /* Frameworks */,
			);
			sourceTree = "<group>";
		};
		79F7719224E22C5B00A0839D /* Products */ = {
			isa = PBXGroup;
			children = (
				79F7719124E22C5B00A0839D /* OpenGL_ES_Filter.app */,
			);
			name = Products;
			sourceTree = "<group>";
		};
		79F7719324E22C5B00A0839D /* OpenGL_ES_Filter */ = {
			isa = PBXGroup;
			children = (
				79F771CF24E236BB00A0839D /* Tool */,
				79F771AD24E2331900A0839D /* Filter */,
				79F7719424E22C5B00A0839D /* AppDelegate.h */,
				79F7719524E22C5B00A0839D /* AppDelegate.m */,
				79F7719724E22C5B00A0839D /* SceneDelegate.h */,
				79F7719824E22C5B00A0839D /* SceneDelegate.m */,
				79F7719A24E22C5B00A0839D /* ViewController.h */,
				79F7719B24E22C5B00A0839D /* ViewController.m */,
				79F771E624E23C6800A0839D /* FilterViewController.h */,
				79F771E724E23C6800A0839D /* FilterViewController.m */,
				79F7719D24E22C5B00A0839D /* Main.storyboard */,
				79F771A024E22C6000A0839D /* Assets.xcassets */,
				79F771A224E22C6000A0839D /* LaunchScreen.storyboard */,
				79F771A524E22C6000A0839D /* Info.plist */,
				79F771A624E22C6000A0839D /* main.m */,
			);
			path = OpenGL_ES_Filter;
			sourceTree = "<group>";
		};
		79F771AD24E2331900A0839D /* Filter */ = {
			isa = PBXGroup;
			children = (
				75BC7D4124E57FF30054D3DC /* Masaic */,
				75BC7D3C24E57F6F0054D3DC /* Reversal */,
				75BC7D3724E57D860054D3DC /* Gray */,
				79F771CC24E2332600A0839D /* SplitScreen */,
				79F771B724E2331900A0839D /* Normal */,
			);
			path = Filter;
			sourceTree = "<group>";
		};
		79F771AE24E2331900A0839D /* SplitScreen_6 */ = {
			isa = PBXGroup;
			children = (
				79F771AF24E2331900A0839D /* SplitScreen_6.fsh */,
				79F771B024E2331900A0839D /* SplitScreen_6.vsh */,
			);
			path = SplitScreen_6;
			sourceTree = "<group>";
		};
		79F771B124E2331900A0839D /* SplitScreen_9 */ = {
			isa = PBXGroup;
			children = (
				79F771B224E2331900A0839D /* SplitScreen_9.vsh */,
				79F771B324E2331900A0839D /* SplitScreen_9.fsh */,
			);
			path = SplitScreen_9;
			sourceTree = "<group>";
		};
		79F771B424E2331900A0839D /* SplitScreen_2 */ = {
			isa = PBXGroup;
			children = (
				79F771B524E2331900A0839D /* SplitScreen_2.fsh */,
				79F771B624E2331900A0839D /* SplitScreen_2.vsh */,
			);
			path = SplitScreen_2;
			sourceTree = "<group>";
		};
		79F771B724E2331900A0839D /* Normal */ = {
			isa = PBXGroup;
			children = (
				79F771B824E2331900A0839D /* Normal.fsh */,
				79F771B924E2331900A0839D /* Normal.vsh */,
			);
			path = Normal;
			sourceTree = "<group>";
		};
		79F771BA24E2331900A0839D /* SplitScreen_4 */ = {
			isa = PBXGroup;
			children = (
				79F771BB24E2331900A0839D /* SplitScreen_4.fsh */,
				79F771BC24E2331900A0839D /* SplitScreen_4.vsh */,
			);
			path = SplitScreen_4;
			sourceTree = "<group>";
		};
		79F771BD24E2331900A0839D /* SplitScreen_3 */ = {
			isa = PBXGroup;
			children = (
				79F771BE24E2331900A0839D /* SplitScreen_3.fsh */,
				79F771BF24E2331900A0839D /* SplitScreen_3.vsh */,
			);
			path = SplitScreen_3;
			sourceTree = "<group>";
		};
		79F771CC24E2332600A0839D /* SplitScreen */ = {
			isa = PBXGroup;
			children = (
				79F771BA24E2331900A0839D /* SplitScreen_4 */,
				79F771BD24E2331900A0839D /* SplitScreen_3 */,
				79F771AE24E2331900A0839D /* SplitScreen_6 */,
				79F771B124E2331900A0839D /* SplitScreen_9 */,
				79F771B424E2331900A0839D /* SplitScreen_2 */,
			);
			path = SplitScreen;
			sourceTree = "<group>";
		};
		79F771CF24E236BB00A0839D /* Tool */ = {
			isa = PBXGroup;
			children = (
				79F771DB24E2399300A0839D /* FilterBar */,
				79F771E024E2399300A0839D /* ShaderTool */,
			);
			path = Tool;
			sourceTree = "<group>";
		};
		79F771DB24E2399300A0839D /* FilterBar */ = {
			isa = PBXGroup;
			children = (
				79F771DC24E2399300A0839D /* FilterBarCell.m */,
				79F771DD24E2399300A0839D /* FilterBar.m */,
				79F771DE24E2399300A0839D /* FilterBarCell.h */,
				79F771DF24E2399300A0839D /* FilterBar.h */,
			);
			path = FilterBar;
			sourceTree = "<group>";
		};
		79F771E024E2399300A0839D /* ShaderTool */ = {
			isa = PBXGroup;
			children = (
				79F771E124E2399300A0839D /* ShaderTool.h */,
				79F771E224E2399300A0839D /* ShaderTool.m */,
			);
			path = ShaderTool;
			sourceTree = "<group>";
		};
		B234FFC5234DF0A06DCC4C49 /* Frameworks */ = {
			isa = PBXGroup;
			children = (
				68EE391B8ED3D8C9D9A070C4 /* Pods_OpenGL_ES_Filter.framework */,
			);
			name = Frameworks;
			sourceTree = "<group>";
		};
/* End PBXGroup section */

/* Begin PBXNativeTarget section */
		79F7719024E22C5B00A0839D /* OpenGL_ES_Filter */ = {
			isa = PBXNativeTarget;
			buildConfigurationList = 79F771AA24E22C6000A0839D /* Build configuration list for PBXNativeTarget "OpenGL_ES_Filter" */;
			buildPhases = (
				31BFF1F4A97FA22383AD1F08 /* [CP] Check Pods Manifest.lock */,
				79F7718D24E22C5B00A0839D /* Sources */,
				79F7718E24E22C5B00A0839D /* Frameworks */,
				79F7718F24E22C5B00A0839D /* Resources */,
				19B17ADC96C35B23A2535333 /* [CP] Embed Pods Frameworks */,
			);
			buildRules = (
			);
			dependencies = (
			);
			name = OpenGL_ES_Filter;
			productName = OpenGL_ES_Filter;
			productReference = 79F7719124E22C5B00A0839D /* OpenGL_ES_Filter.app */;
			productType = "com.apple.product-type.application";
		};
/* End PBXNativeTarget section */

/* Begin PBXProject section */
		79F7718924E22C5B00A0839D /* Project object */ = {
			isa = PBXProject;
			attributes = {
				LastUpgradeCheck = 1160;
				ORGANIZATIONNAME = Ctair;
				TargetAttributes = {
					79F7719024E22C5B00A0839D = {
						CreatedOnToolsVersion = 11.6;
					};
				};
			};
			buildConfigurationList = 79F7718C24E22C5B00A0839D /* Build configuration list for PBXProject "OpenGL_ES_Filter" */;
			compatibilityVersion = "Xcode 9.3";
			developmentRegion = en;
			hasScannedForEncodings = 0;
			knownRegions = (
				en,
				Base,
			);
			mainGroup = 79F7718824E22C5B00A0839D;
			productRefGroup = 79F7719224E22C5B00A0839D /* Products */;
			projectDirPath = "";
			projectRoot = "";
			targets = (
				79F7719024E22C5B00A0839D /* OpenGL_ES_Filter */,
			);
		};
/* End PBXProject section */

/* Begin PBXResourcesBuildPhase section */
		79F7718F24E22C5B00A0839D /* Resources */ = {
			isa = PBXResourcesBuildPhase;
			buildActionMask = 2147483647;
			files = (
				79F771C624E2331900A0839D /* Normal.fsh in Resources */,
				75BC7D4024E57FAE0054D3DC /* Reversal.vsh in Resources */,
				79F771CB24E2331900A0839D /* SplitScreen_3.vsh in Resources */,
				75BC7D5024E581210054D3DC /* SquareMosaic.fsh in Resources */,
				79F771C324E2331900A0839D /* SplitScreen_9.fsh in Resources */,
				79F771C524E2331900A0839D /* SplitScreen_2.vsh in Resources */,
				79F771C124E2331900A0839D /* SplitScreen_6.vsh in Resources */,
				75BC7D3E24E57FA30054D3DC /* Reversal.fsh in Resources */,
				75BC7D4624E580AF0054D3DC /* TriangleMosaic.vsh in Resources */,
				79F771C924E2331900A0839D /* SplitScreen_4.vsh in Resources */,
				79F771A424E22C6000A0839D /* LaunchScreen.storyboard in Resources */,
				79F771C024E2331900A0839D /* SplitScreen_6.fsh in Resources */,
				79F771A124E22C6000A0839D /* Assets.xcassets in Resources */,
				75BC7D4E24E581180054D3DC /* SquareMosaic.vsh in Resources */,
				79F771C824E2331900A0839D /* SplitScreen_4.fsh in Resources */,
				75BC7D3924E57D960054D3DC /* Gray.fsh in Resources */,
				79F771C424E2331900A0839D /* SplitScreen_2.fsh in Resources */,
				79F771CA24E2331900A0839D /* SplitScreen_3.fsh in Resources */,
				75BC7D3B24E57DA00054D3DC /* Gray.vsh in Resources */,
				79F771C724E2331900A0839D /* Normal.vsh in Resources */,
				75BC7D4A24E580DA0054D3DC /* HexagonMosaic.vsh in Resources */,
				75BC7D4824E580BD0054D3DC /* TriangleMosaic.fsh in Resources */,
				79F771C224E2331900A0839D /* SplitScreen_9.vsh in Resources */,
				79F7719F24E22C5B00A0839D /* Main.storyboard in Resources */,
				75BC7D4C24E580E20054D3DC /* HexagonMosaic.fsh in Resources */,
			);
			runOnlyForDeploymentPostprocessing = 0;
		};
/* End PBXResourcesBuildPhase section */

/* Begin PBXShellScriptBuildPhase section */
		19B17ADC96C35B23A2535333 /* [CP] Embed Pods Frameworks */ = {
			isa = PBXShellScriptBuildPhase;
			buildActionMask = 2147483647;
			files = (
			);
			inputFileListPaths = (
				"${PODS_ROOT}/Target Support Files/Pods-OpenGL_ES_Filter/Pods-OpenGL_ES_Filter-frameworks-${CONFIGURATION}-input-files.xcfilelist",
			);
			name = "[CP] Embed Pods Frameworks";
			outputFileListPaths = (
				"${PODS_ROOT}/Target Support Files/Pods-OpenGL_ES_Filter/Pods-OpenGL_ES_Filter-frameworks-${CONFIGURATION}-output-files.xcfilelist",
			);
			runOnlyForDeploymentPostprocessing = 0;
			shellPath = /bin/sh;
			shellScript = "\"${PODS_ROOT}/Target Support Files/Pods-OpenGL_ES_Filter/Pods-OpenGL_ES_Filter-frameworks.sh\"\n";
			showEnvVarsInLog = 0;
		};
		31BFF1F4A97FA22383AD1F08 /* [CP] Check Pods Manifest.lock */ = {
			isa = PBXShellScriptBuildPhase;
			buildActionMask = 2147483647;
			files = (
			);
			inputFileListPaths = (
			);
			inputPaths = (
				"${PODS_PODFILE_DIR_PATH}/Podfile.lock",
				"${PODS_ROOT}/Manifest.lock",
			);
			name = "[CP] Check Pods Manifest.lock";
			outputFileListPaths = (
			);
			outputPaths = (
				"$(DERIVED_FILE_DIR)/Pods-OpenGL_ES_Filter-checkManifestLockResult.txt",
			);
			runOnlyForDeploymentPostprocessing = 0;
			shellPath = /bin/sh;
			shellScript = "diff \"${PODS_PODFILE_DIR_PATH}/Podfile.lock\" \"${PODS_ROOT}/Manifest.lock\" > /dev/null\nif [ $? != 0 ] ; then\n    # print error to STDERR\n    echo \"error: The sandbox is not in sync with the Podfile.lock. Run 'pod install' or update your CocoaPods installation.\" >&2\n    exit 1\nfi\n# This output is used by Xcode 'outputs' to avoid re-running this script phase.\necho \"SUCCESS\" > \"${SCRIPT_OUTPUT_FILE_0}\"\n";
			showEnvVarsInLog = 0;
		};
/* End PBXShellScriptBuildPhase section */

/* Begin PBXSourcesBuildPhase section */
		79F7718D24E22C5B00A0839D /* Sources */ = {
			isa = PBXSourcesBuildPhase;
			buildActionMask = 2147483647;
			files = (
				79F7719C24E22C5B00A0839D /* ViewController.m in Sources */,
				79F771E424E2399300A0839D /* FilterBar.m in Sources */,
				79F771E524E2399300A0839D /* ShaderTool.m in Sources */,
				79F7719624E22C5B00A0839D /* AppDelegate.m in Sources */,
				79F771A724E22C6000A0839D /* main.m in Sources */,
				79F771E324E2399300A0839D /* FilterBarCell.m in Sources */,
				79F771E824E23C6800A0839D /* FilterViewController.m in Sources */,
				79F7719924E22C5B00A0839D /* SceneDelegate.m in Sources */,
			);
			runOnlyForDeploymentPostprocessing = 0;
		};
/* End PBXSourcesBuildPhase section */

/* Begin PBXVariantGroup section */
		79F7719D24E22C5B00A0839D /* Main.storyboard */ = {
			isa = PBXVariantGroup;
			children = (
				79F7719E24E22C5B00A0839D /* Base */,
			);
			name = Main.storyboard;
			sourceTree = "<group>";
		};
		79F771A224E22C6000A0839D /* LaunchScreen.storyboard */ = {
			isa = PBXVariantGroup;
			children = (
				79F771A324E22C6000A0839D /* Base */,
			);
			name = LaunchScreen.storyboard;
			sourceTree = "<group>";
		};
/* End PBXVariantGroup section */

/* Begin XCBuildConfiguration section */
		79F771A824E22C6000A0839D /* Debug */ = {
			isa = XCBuildConfiguration;
			buildSettings = {
				ALWAYS_SEARCH_USER_PATHS = NO;
				CLANG_ANALYZER_NONNULL = YES;
				CLANG_ANALYZER_NUMBER_OBJECT_CONVERSION = YES_AGGRESSIVE;
				CLANG_CXX_LANGUAGE_STANDARD = "gnu++14";
				CLANG_CXX_LIBRARY = "libc++";
				CLANG_ENABLE_MODULES = YES;
				CLANG_ENABLE_OBJC_ARC = YES;
				CLANG_ENABLE_OBJC_WEAK = YES;
				CLANG_WARN_BLOCK_CAPTURE_AUTORELEASING = YES;
				CLANG_WARN_BOOL_CONVERSION = YES;
				CLANG_WARN_COMMA = YES;
				CLANG_WARN_CONSTANT_CONVERSION = YES;
				CLANG_WARN_DEPRECATED_OBJC_IMPLEMENTATIONS = YES;
				CLANG_WARN_DIRECT_OBJC_ISA_USAGE = YES_ERROR;
				CLANG_WARN_DOCUMENTATION_COMMENTS = YES;
				CLANG_WARN_EMPTY_BODY = YES;
				CLANG_WARN_ENUM_CONVERSION = YES;
				CLANG_WARN_INFINITE_RECURSION = YES;
				CLANG_WARN_INT_CONVERSION = YES;
				CLANG_WARN_NON_LITERAL_NULL_CONVERSION = YES;
				CLANG_WARN_OBJC_IMPLICIT_RETAIN_SELF = YES;
				CLANG_WARN_OBJC_LITERAL_CONVERSION = YES;
				CLANG_WARN_OBJC_ROOT_CLASS = YES_ERROR;
				CLANG_WARN_RANGE_LOOP_ANALYSIS = YES;
				CLANG_WARN_STRICT_PROTOTYPES = YES;
				CLANG_WARN_SUSPICIOUS_MOVE = YES;
				CLANG_WARN_UNGUARDED_AVAILABILITY = YES_AGGRESSIVE;
				CLANG_WARN_UNREACHABLE_CODE = YES;
				CLANG_WARN__DUPLICATE_METHOD_MATCH = YES;
				COPY_PHASE_STRIP = NO;
				DEBUG_INFORMATION_FORMAT = dwarf;
				ENABLE_STRICT_OBJC_MSGSEND = YES;
				ENABLE_TESTABILITY = YES;
				GCC_C_LANGUAGE_STANDARD = gnu11;
				GCC_DYNAMIC_NO_PIC = NO;
				GCC_NO_COMMON_BLOCKS = YES;
				GCC_OPTIMIZATION_LEVEL = 0;
				GCC_PREPROCESSOR_DEFINITIONS = (
					"DEBUG=1",
					"$(inherited)",
				);
				GCC_WARN_64_TO_32_BIT_CONVERSION = YES;
				GCC_WARN_ABOUT_RETURN_TYPE = YES_ERROR;
				GCC_WARN_UNDECLARED_SELECTOR = YES;
				GCC_WARN_UNINITIALIZED_AUTOS = YES_AGGRESSIVE;
				GCC_WARN_UNUSED_FUNCTION = YES;
				GCC_WARN_UNUSED_VARIABLE = YES;
				IPHONEOS_DEPLOYMENT_TARGET = 13.6;
				MTL_ENABLE_DEBUG_INFO = INCLUDE_SOURCE;
				MTL_FAST_MATH = YES;
				ONLY_ACTIVE_ARCH = YES;
				SDKROOT = iphoneos;
			};
			name = Debug;
		};
		79F771A924E22C6000A0839D /* Release */ = {
			isa = XCBuildConfiguration;
			buildSettings = {
				ALWAYS_SEARCH_USER_PATHS = NO;
				CLANG_ANALYZER_NONNULL = YES;
				CLANG_ANALYZER_NUMBER_OBJECT_CONVERSION = YES_AGGRESSIVE;
				CLANG_CXX_LANGUAGE_STANDARD = "gnu++14";
				CLANG_CXX_LIBRARY = "libc++";
				CLANG_ENABLE_MODULES = YES;
				CLANG_ENABLE_OBJC_ARC = YES;
				CLANG_ENABLE_OBJC_WEAK = YES;
				CLANG_WARN_BLOCK_CAPTURE_AUTORELEASING = YES;
				CLANG_WARN_BOOL_CONVERSION = YES;
				CLANG_WARN_COMMA = YES;
				CLANG_WARN_CONSTANT_CONVERSION = YES;
				CLANG_WARN_DEPRECATED_OBJC_IMPLEMENTATIONS = YES;
				CLANG_WARN_DIRECT_OBJC_ISA_USAGE = YES_ERROR;
				CLANG_WARN_DOCUMENTATION_COMMENTS = YES;
				CLANG_WARN_EMPTY_BODY = YES;
				CLANG_WARN_ENUM_CONVERSION = YES;
				CLANG_WARN_INFINITE_RECURSION = YES;
				CLANG_WARN_INT_CONVERSION = YES;
				CLANG_WARN_NON_LITERAL_NULL_CONVERSION = YES;
				CLANG_WARN_OBJC_IMPLICIT_RETAIN_SELF = YES;
				CLANG_WARN_OBJC_LITERAL_CONVERSION = YES;
				CLANG_WARN_OBJC_ROOT_CLASS = YES_ERROR;
				CLANG_WARN_RANGE_LOOP_ANALYSIS = YES;
				CLANG_WARN_STRICT_PROTOTYPES = YES;
				CLANG_WARN_SUSPICIOUS_MOVE = YES;
				CLANG_WARN_UNGUARDED_AVAILABILITY = YES_AGGRESSIVE;
				CLANG_WARN_UNREACHABLE_CODE = YES;
				CLANG_WARN__DUPLICATE_METHOD_MATCH = YES;
				COPY_PHASE_STRIP = NO;
				DEBUG_INFORMATION_FORMAT = "dwarf-with-dsym";
				ENABLE_NS_ASSERTIONS = NO;
				ENABLE_STRICT_OBJC_MSGSEND = YES;
				GCC_C_LANGUAGE_STANDARD = gnu11;
				GCC_NO_COMMON_BLOCKS = YES;
				GCC_WARN_64_TO_32_BIT_CONVERSION = YES;
				GCC_WARN_ABOUT_RETURN_TYPE = YES_ERROR;
				GCC_WARN_UNDECLARED_SELECTOR = YES;
				GCC_WARN_UNINITIALIZED_AUTOS = YES_AGGRESSIVE;
				GCC_WARN_UNUSED_FUNCTION = YES;
				GCC_WARN_UNUSED_VARIABLE = YES;
				IPHONEOS_DEPLOYMENT_TARGET = 13.6;
				MTL_ENABLE_DEBUG_INFO = NO;
				MTL_FAST_MATH = YES;
				SDKROOT = iphoneos;
				VALIDATE_PRODUCT = YES;
			};
			name = Release;
		};
		79F771AB24E22C6000A0839D /* Debug */ = {
			isa = XCBuildConfiguration;
			baseConfigurationReference = FAC6A533159A72355A9337CD /* Pods-OpenGL_ES_Filter.debug.xcconfig */;
			buildSettings = {
				ASSETCATALOG_COMPILER_APPICON_NAME = AppIcon;
				CODE_SIGN_STYLE = Automatic;
				INFOPLIST_FILE = OpenGL_ES_Filter/Info.plist;
				LD_RUNPATH_SEARCH_PATHS = (
					"$(inherited)",
					"@executable_path/Frameworks",
				);
				PRODUCT_BUNDLE_IDENTIFIER = "ctairchina.OpenGL-ES-Filter";
				PRODUCT_NAME = "$(TARGET_NAME)";
				TARGETED_DEVICE_FAMILY = "1,2";
			};
			name = Debug;
		};
		79F771AC24E22C6000A0839D /* Release */ = {
			isa = XCBuildConfiguration;
			baseConfigurationReference = B225046D727E00EB3F03E506 /* Pods-OpenGL_ES_Filter.release.xcconfig */;
			buildSettings = {
				ASSETCATALOG_COMPILER_APPICON_NAME = AppIcon;
				CODE_SIGN_STYLE = Automatic;
				INFOPLIST_FILE = OpenGL_ES_Filter/Info.plist;
				LD_RUNPATH_SEARCH_PATHS = (
					"$(inherited)",
					"@executable_path/Frameworks",
				);
				PRODUCT_BUNDLE_IDENTIFIER = "ctairchina.OpenGL-ES-Filter";
				PRODUCT_NAME = "$(TARGET_NAME)";
				TARGETED_DEVICE_FAMILY = "1,2";
			};
			name = Release;
		};
/* End XCBuildConfiguration section */

/* Begin XCConfigurationList section */
		79F7718C24E22C5B00A0839D /* Build configuration list for PBXProject "OpenGL_ES_Filter" */ = {
			isa = XCConfigurationList;
			buildConfigurations = (
				79F771A824E22C6000A0839D /* Debug */,
				79F771A924E22C6000A0839D /* Release */,
			);
			defaultConfigurationIsVisible = 0;
			defaultConfigurationName = Release;
		};
		79F771AA24E22C6000A0839D /* Build configuration list for PBXNativeTarget "OpenGL_ES_Filter" */ = {
			isa = XCConfigurationList;
			buildConfigurations = (
				79F771AB24E22C6000A0839D /* Debug */,
				79F771AC24E22C6000A0839D /* Release */,
			);
			defaultConfigurationIsVisible = 0;
			defaultConfigurationName = Release;
		};
/* End XCConfigurationList section */
	};
	rootObject = 79F7718924E22C5B00A0839D /* Project object */;
}
